
Microsoft Visual Studio Solution File, Format Version 12.00
# Visual Studio Version 17
VisualStudioVersion = 17.7.34024.191
MinimumVisualStudioVersion = 10.0.40219.1
Project("{FAE04EC0-301F-11D3-BF4B-00C04F79EFBC}") = "MyFirstWebAppMitAPI", "MyFirstWebAppMitAPI\MyFirstWebAppMitAPI.csproj", "{80ECDDA5-C0A6-40B7-B58C-A2D0DDAFA1C0}"
EndProject
Global
	GlobalSection(SolutionConfigurationPlatforms) = preSolution
		Debug|Any CPU = Debug|Any CPU
		Release|Any CPU = Release|Any CPU
	EndGlobalSection
	GlobalSection(ProjectConfigurationPlatforms) = postSolution
		{80ECDDA5-C0A6-40B7-B58C-A2D0DDAFA1C0}.Debug|Any CPU.ActiveCfg = Debug|Any CPU
		{80ECDDA5-C0A6-40B7-B58C-A2D0DDAFA1C0}.Debug|Any CPU.Build.0 = Debug|Any CPU
		{80ECDDA5-C0A6-40B7-B58C-A2D0DDAFA1C0}.Release|Any CPU.ActiveCfg = Release|Any CPU
		{80ECDDA5-C0A6-40B7-B58C-A2D0DDAFA1C0}.Release|Any CPU.Build.0 = Release|Any CPU
	EndGlobalSection
	GlobalSection(SolutionProperties) = preSolution
		HideSolutionNode = FALSE
	EndGlobalSection
	GlobalSection(ExtensibilityGlobals) = postSolution
		SolutionGuid = {60B02726-0B1B-40A4-A04D-C9CD7FA3DC83}
	EndGlobalSection
EndGlobal
